
Microsoft Visual Studio Solution File, Format Version 12.00
# Visual Studio Version 16
VisualStudioVersion = 16.0.31515.178
MinimumVisualStudioVersion = 10.0.40219.1
Project("{FAE04EC0-301F-11D3-BF4B-00C04F79EFBC}") = "ForFrontAutomation.Core", "ForFrontAutomation.Core\ForFrontAutomation.Core.csproj", "{01902A6A-B6CE-4FF4-A606-438DE9A67B17}"
EndProject
Project("{FAE04EC0-301F-11D3-BF4B-00C04F79EFBC}") = "ForFront.Test", "ForFront.Test\ForFront.Test.csproj", "{68E71A88-1E6B-4571-8E51-AC7FB1F0A17B}"
EndProject
Project("{FAE04EC0-301F-11D3-BF4B-00C04F79EFBC}") = "ForFront.Web", "ForFront.Web\ForFront.Web.csproj", "{0F0B154D-E564-43E5-ACC2-DB0C46CF4C6E}"
EndProject
Global
	GlobalSection(SolutionConfigurationPlatforms) = preSolution
		Debug|Any CPU = Debug|Any CPU
		Release|Any CPU = Release|Any CPU
	EndGlobalSection
	GlobalSection(ProjectConfigurationPlatforms) = postSolution
		{01902A6A-B6CE-4FF4-A606-438DE9A67B17}.Debug|Any CPU.ActiveCfg = Debug|Any CPU
		{01902A6A-B6CE-4FF4-A606-438DE9A67B17}.Debug|Any CPU.Build.0 = Debug|Any CPU
		{01902A6A-B6CE-4FF4-A606-438DE9A67B17}.Release|Any CPU.ActiveCfg = Release|Any CPU
		{01902A6A-B6CE-4FF4-A606-438DE9A67B17}.Release|Any CPU.Build.0 = Release|Any CPU
		{68E71A88-1E6B-4571-8E51-AC7FB1F0A17B}.Debug|Any CPU.ActiveCfg = Debug|Any CPU
		{68E71A88-1E6B-4571-8E51-AC7FB1F0A17B}.Debug|Any CPU.Build.0 = Debug|Any CPU
		{68E71A88-1E6B-4571-8E51-AC7FB1F0A17B}.Release|Any CPU.ActiveCfg = Release|Any CPU
		{68E71A88-1E6B-4571-8E51-AC7FB1F0A17B}.Release|Any CPU.Build.0 = Release|Any CPU
		{0F0B154D-E564-43E5-ACC2-DB0C46CF4C6E}.Debug|Any CPU.ActiveCfg = Debug|Any CPU
		{0F0B154D-E564-43E5-ACC2-DB0C46CF4C6E}.Debug|Any CPU.Build.0 = Debug|Any CPU
		{0F0B154D-E564-43E5-ACC2-DB0C46CF4C6E}.Release|Any CPU.ActiveCfg = Release|Any CPU
		{0F0B154D-E564-43E5-ACC2-DB0C46CF4C6E}.Release|Any CPU.Build.0 = Release|Any CPU
	EndGlobalSection
	GlobalSection(SolutionProperties) = preSolution
		HideSolutionNode = FALSE
	EndGlobalSection
	GlobalSection(ExtensibilityGlobals) = postSolution
		SolutionGuid = {CBBEC8DB-02DC-431D-84F9-5A167F8A881B}
	EndGlobalSection
EndGlobal
